// !$*UTF8*$!
{
	archiveVersion = 1;
	classes = {
	};
	objectVersion = 50;
	objects = {

/* Begin PBXBuildFile section */
		106355D38D1AD2473F4A6B0E /* Pods_anythingsfine.framework in Frameworks */ = {isa = PBXBuildFile; fileRef = 1749E368C4D1963A6ED374F3 /* Pods_anythingsfine.framework */; };
		3D217C3A21811B21004C30E2 /* AppDelegate.swift in Sources */ = {isa = PBXBuildFile; fileRef = 3D217C3921811B21004C30E2 /* AppDelegate.swift */; };
		3D217C3F21811B21004C30E2 /* Main.storyboard in Resources */ = {isa = PBXBuildFile; fileRef = 3D217C3D21811B21004C30E2 /* Main.storyboard */; };
		3D217C4121811B24004C30E2 /* Assets.xcassets in Resources */ = {isa = PBXBuildFile; fileRef = 3D217C4021811B24004C30E2 /* Assets.xcassets */; };
		3D217C4421811B24004C30E2 /* LaunchScreen.storyboard in Resources */ = {isa = PBXBuildFile; fileRef = 3D217C4221811B24004C30E2 /* LaunchScreen.storyboard */; };
		3D217C4C21811D98004C30E2 /* LoginViewController.swift in Sources */ = {isa = PBXBuildFile; fileRef = 3D217C4B21811D98004C30E2 /* LoginViewController.swift */; };
		3D217C4E218250EA004C30E2 /* HomeViewController.swift in Sources */ = {isa = PBXBuildFile; fileRef = 3D217C4D218250EA004C30E2 /* HomeViewController.swift */; };
		3D217C50218251B4004C30E2 /* SignUpViewController.swift in Sources */ = {isa = PBXBuildFile; fileRef = 3D217C4F218251B3004C30E2 /* SignUpViewController.swift */; };
		64B339A72184F987001044F2 /* BrunchViewController.swift in Sources */ = {isa = PBXBuildFile; fileRef = 64B339A62184F987001044F2 /* BrunchViewController.swift */; };
		64B339A92184F9C2001044F2 /* EatOutRecipeViewController.swift in Sources */ = {isa = PBXBuildFile; fileRef = 64B339A82184F9C2001044F2 /* EatOutRecipeViewController.swift */; };
		D9861C1E2184097D00014C8F /* Business.swift in Sources */ = {isa = PBXBuildFile; fileRef = D9861C1C2184097D00014C8F /* Business.swift */; };
		D9861C1F2184097D00014C8F /* YelpClient.swift in Sources */ = {isa = PBXBuildFile; fileRef = D9861C1D2184097D00014C8F /* YelpClient.swift */; };
		D9BD70DB218A45D00028A1E4 /* PostViewController.swift in Sources */ = {isa = PBXBuildFile; fileRef = D9BD70DA218A45CF0028A1E4 /* PostViewController.swift */; };
		D9BD70DD218A4B370028A1E4 /* Post.swift in Sources */ = {isa = PBXBuildFile; fileRef = D9BD70DC218A4B370028A1E4 /* Post.swift */; };
/* End PBXBuildFile section */

/* Begin PBXFileReference section */
		09A3A2201AB636C39419A8B3 /* Pods-anythingsfine.release.xcconfig */ = {isa = PBXFileReference; includeInIndex = 1; lastKnownFileType = text.xcconfig; name = "Pods-anythingsfine.release.xcconfig"; path = "Pods/Target Support Files/Pods-anythingsfine/Pods-anythingsfine.release.xcconfig"; sourceTree = "<group>"; };
		1749E368C4D1963A6ED374F3 /* Pods_anythingsfine.framework */ = {isa = PBXFileReference; explicitFileType = wrapper.framework; includeInIndex = 0; path = Pods_anythingsfine.framework; sourceTree = BUILT_PRODUCTS_DIR; };
		3D217C3621811B21004C30E2 /* anythingsfine.app */ = {isa = PBXFileReference; explicitFileType = wrapper.application; includeInIndex = 0; path = anythingsfine.app; sourceTree = BUILT_PRODUCTS_DIR; };
		3D217C3921811B21004C30E2 /* AppDelegate.swift */ = {isa = PBXFileReference; lastKnownFileType = sourcecode.swift; path = AppDelegate.swift; sourceTree = "<group>"; };
		3D217C3E21811B21004C30E2 /* Base */ = {isa = PBXFileReference; lastKnownFileType = file.storyboard; name = Base; path = Base.lproj/Main.storyboard; sourceTree = "<group>"; };
		3D217C4021811B24004C30E2 /* Assets.xcassets */ = {isa = PBXFileReference; lastKnownFileType = folder.assetcatalog; path = Assets.xcassets; sourceTree = "<group>"; };
		3D217C4321811B24004C30E2 /* Base */ = {isa = PBXFileReference; lastKnownFileType = file.storyboard; name = Base; path = Base.lproj/LaunchScreen.storyboard; sourceTree = "<group>"; };
		3D217C4521811B24004C30E2 /* Info.plist */ = {isa = PBXFileReference; lastKnownFileType = text.plist.xml; path = Info.plist; sourceTree = "<group>"; };
		3D217C4B21811D98004C30E2 /* LoginViewController.swift */ = {isa = PBXFileReference; lastKnownFileType = sourcecode.swift; path = LoginViewController.swift; sourceTree = "<group>"; };
		3D217C4D218250EA004C30E2 /* HomeViewController.swift */ = {isa = PBXFileReference; lastKnownFileType = sourcecode.swift; path = HomeViewController.swift; sourceTree = "<group>"; };
		3D217C4F218251B3004C30E2 /* SignUpViewController.swift */ = {isa = PBXFileReference; lastKnownFileType = sourcecode.swift; path = SignUpViewController.swift; sourceTree = "<group>"; };
		64B339A62184F987001044F2 /* BrunchViewController.swift */ = {isa = PBXFileReference; lastKnownFileType = sourcecode.swift; path = BrunchViewController.swift; sourceTree = "<group>"; };
		64B339A82184F9C2001044F2 /* EatOutRecipeViewController.swift */ = {isa = PBXFileReference; lastKnownFileType = sourcecode.swift; path = EatOutRecipeViewController.swift; sourceTree = "<group>"; };
		D9861C1C2184097D00014C8F /* Business.swift */ = {isa = PBXFileReference; fileEncoding = 4; lastKnownFileType = sourcecode.swift; path = Business.swift; sourceTree = "<group>"; };
		D9861C1D2184097D00014C8F /* YelpClient.swift */ = {isa = PBXFileReference; fileEncoding = 4; lastKnownFileType = sourcecode.swift; path = YelpClient.swift; sourceTree = "<group>"; };
		D9BD70DA218A45CF0028A1E4 /* PostViewController.swift */ = {isa = PBXFileReference; lastKnownFileType = sourcecode.swift; path = PostViewController.swift; sourceTree = "<group>"; };
		D9BD70DC218A4B370028A1E4 /* Post.swift */ = {isa = PBXFileReference; fileEncoding = 4; lastKnownFileType = sourcecode.swift; path = Post.swift; sourceTree = "<group>"; };
		F82FE4AD48293150BD0B8668 /* Pods-anythingsfine.debug.xcconfig */ = {isa = PBXFileReference; includeInIndex = 1; lastKnownFileType = text.xcconfig; name = "Pods-anythingsfine.debug.xcconfig"; path = "Pods/Target Support Files/Pods-anythingsfine/Pods-anythingsfine.debug.xcconfig"; sourceTree = "<group>"; };
/* End PBXFileReference section */

/* Begin PBXFrameworksBuildPhase section */
		3D217C3321811B21004C30E2 /* Frameworks */ = {
			isa = PBXFrameworksBuildPhase;
			buildActionMask = 2147483647;
			files = (
				106355D38D1AD2473F4A6B0E /* Pods_anythingsfine.framework in Frameworks */,
			);
			runOnlyForDeploymentPostprocessing = 0;
		};
/* End PBXFrameworksBuildPhase section */

/* Begin PBXGroup section */
		3D217C2D21811B21004C30E2 = {
			isa = PBXGroup;
			children = (
				3D217C3821811B21004C30E2 /* anythingsfine */,
				3D217C3721811B21004C30E2 /* Products */,
				BED806C8BE50E6D0FF099199 /* Pods */,
				85A8867666315530145504E4 /* Frameworks */,
			);
			sourceTree = "<group>";
		};
		3D217C3721811B21004C30E2 /* Products */ = {
			isa = PBXGroup;
			children = (
				3D217C3621811B21004C30E2 /* anythingsfine.app */,
			);
			name = Products;
			sourceTree = "<group>";
		};
		3D217C3821811B21004C30E2 /* anythingsfine */ = {
			isa = PBXGroup;
			children = (
				3D217C3921811B21004C30E2 /* AppDelegate.swift */,
				3D217C4B21811D98004C30E2 /* LoginViewController.swift */,
				3D217C4D218250EA004C30E2 /* HomeViewController.swift */,
				3D217C4F218251B3004C30E2 /* SignUpViewController.swift */,
				D9BD70DC218A4B370028A1E4 /* Post.swift */,
				D9861C1C2184097D00014C8F /* Business.swift */,
				D9861C1D2184097D00014C8F /* YelpClient.swift */,
				3D217C3D21811B21004C30E2 /* Main.storyboard */,
				D9BD70DA218A45CF0028A1E4 /* PostViewController.swift */,
				3D217C4021811B24004C30E2 /* Assets.xcassets */,
				3D217C4221811B24004C30E2 /* LaunchScreen.storyboard */,
				3D217C4521811B24004C30E2 /* Info.plist */,
				64B339A62184F987001044F2 /* BrunchViewController.swift */,
				64B339A82184F9C2001044F2 /* EatOutRecipeViewController.swift */,
			);
			path = anythingsfine;
			sourceTree = "<group>";
		};
		85A8867666315530145504E4 /* Frameworks */ = {
			isa = PBXGroup;
			children = (
				1749E368C4D1963A6ED374F3 /* Pods_anythingsfine.framework */,
			);
			name = Frameworks;
			sourceTree = "<group>";
		};
		BED806C8BE50E6D0FF099199 /* Pods */ = {
			isa = PBXGroup;
			children = (
				F82FE4AD48293150BD0B8668 /* Pods-anythingsfine.debug.xcconfig */,
				09A3A2201AB636C39419A8B3 /* Pods-anythingsfine.release.xcconfig */,
			);
			name = Pods;
			sourceTree = "<group>";
		};
/* End PBXGroup section */

/* Begin PBXNativeTarget section */
		3D217C3521811B21004C30E2 /* anythingsfine */ = {
			isa = PBXNativeTarget;
			buildConfigurationList = 3D217C4821811B24004C30E2 /* Build configuration list for PBXNativeTarget "anythingsfine" */;
			buildPhases = (
				F22EED953F76CE9E0FC8EA43 /* [CP] Check Pods Manifest.lock */,
				3D217C3221811B21004C30E2 /* Sources */,
				3D217C3321811B21004C30E2 /* Frameworks */,
				3D217C3421811B21004C30E2 /* Resources */,
				3E3994E7EC62A7947FEB93E6 /* [CP] Embed Pods Frameworks */,
			);
			buildRules = (
			);
			dependencies = (
			);
			name = anythingsfine;
			productName = anythingsfine;
			productReference = 3D217C3621811B21004C30E2 /* anythingsfine.app */;
			productType = "com.apple.product-type.application";
		};
/* End PBXNativeTarget section */

/* Begin PBXProject section */
		3D217C2E21811B21004C30E2 /* Project object */ = {
			isa = PBXProject;
			attributes = {
				LastSwiftUpdateCheck = 0940;
				LastUpgradeCheck = 0940;
				TargetAttributes = {
					3D217C3521811B21004C30E2 = {
						CreatedOnToolsVersion = 9.4.1;
					};
				};
			};
			buildConfigurationList = 3D217C3121811B21004C30E2 /* Build configuration list for PBXProject "anythingsfine" */;
			compatibilityVersion = "Xcode 9.3";
			developmentRegion = en;
			hasScannedForEncodings = 0;
			knownRegions = (
				en,
				Base,
			);
			mainGroup = 3D217C2D21811B21004C30E2;
			productRefGroup = 3D217C3721811B21004C30E2 /* Products */;
			projectDirPath = "";
			projectRoot = "";
			targets = (
				3D217C3521811B21004C30E2 /* anythingsfine */,
			);
		};
/* End PBXProject section */

/* Begin PBXResourcesBuildPhase section */
		3D217C3421811B21004C30E2 /* Resources */ = {
			isa = PBXResourcesBuildPhase;
			buildActionMask = 2147483647;
			files = (
				3D217C4421811B24004C30E2 /* LaunchScreen.storyboard in Resources */,
				3D217C4121811B24004C30E2 /* Assets.xcassets in Resources */,
				3D217C3F21811B21004C30E2 /* Main.storyboard in Resources */,
			);
			runOnlyForDeploymentPostprocessing = 0;
		};
/* End PBXResourcesBuildPhase section */

/* Begin PBXShellScriptBuildPhase section */
		3E3994E7EC62A7947FEB93E6 /* [CP] Embed Pods Frameworks */ = {
			isa = PBXShellScriptBuildPhase;
			buildActionMask = 2147483647;
			files = (
			);
			inputPaths = (
				"${SRCROOT}/Pods/Target Support Files/Pods-anythingsfine/Pods-anythingsfine-frameworks.sh",
				"${BUILT_PRODUCTS_DIR}/AFNetworking/AFNetworking.framework",
				"${BUILT_PRODUCTS_DIR}/BDBOAuth1Manager/BDBOAuth1Manager.framework",
				"${BUILT_PRODUCTS_DIR}/Bolts/Bolts.framework",
				"${BUILT_PRODUCTS_DIR}/Parse/Parse.framework",
			);
			name = "[CP] Embed Pods Frameworks";
			outputPaths = (
				"${TARGET_BUILD_DIR}/${FRAMEWORKS_FOLDER_PATH}/AFNetworking.framework",
				"${TARGET_BUILD_DIR}/${FRAMEWORKS_FOLDER_PATH}/BDBOAuth1Manager.framework",
				"${TARGET_BUILD_DIR}/${FRAMEWORKS_FOLDER_PATH}/Bolts.framework",
				"${TARGET_BUILD_DIR}/${FRAMEWORKS_FOLDER_PATH}/Parse.framework",
			);
			runOnlyForDeploymentPostprocessing = 0;
			shellPath = /bin/sh;
			shellScript = "\"${SRCROOT}/Pods/Target Support Files/Pods-anythingsfine/Pods-anythingsfine-frameworks.sh\"\n";
			showEnvVarsInLog = 0;
		};
		F22EED953F76CE9E0FC8EA43 /* [CP] Check Pods Manifest.lock */ = {
			isa = PBXShellScriptBuildPhase;
			buildActionMask = 2147483647;
			files = (
			);
			inputPaths = (
				"${PODS_PODFILE_DIR_PATH}/Podfile.lock",
				"${PODS_ROOT}/Manifest.lock",
			);
			name = "[CP] Check Pods Manifest.lock";
			outputPaths = (
				"$(DERIVED_FILE_DIR)/Pods-anythingsfine-checkManifestLockResult.txt",
			);
			runOnlyForDeploymentPostprocessing = 0;
			shellPath = /bin/sh;
			shellScript = "diff \"${PODS_PODFILE_DIR_PATH}/Podfile.lock\" \"${PODS_ROOT}/Manifest.lock\" > /dev/null\nif [ $? != 0 ] ; then\n    # print error to STDERR\n    echo \"error: The sandbox is not in sync with the Podfile.lock. Run 'pod install' or update your CocoaPods installation.\" >&2\n    exit 1\nfi\n# This output is used by Xcode 'outputs' to avoid re-running this script phase.\necho \"SUCCESS\" > \"${SCRIPT_OUTPUT_FILE_0}\"\n";
			showEnvVarsInLog = 0;
		};
/* End PBXShellScriptBuildPhase section */

/* Begin PBXSourcesBuildPhase section */
		3D217C3221811B21004C30E2 /* Sources */ = {
			isa = PBXSourcesBuildPhase;
			buildActionMask = 2147483647;
			files = (
				D9BD70DB218A45D00028A1E4 /* PostViewController.swift in Sources */,
				64B339A92184F9C2001044F2 /* EatOutRecipeViewController.swift in Sources */,
				3D217C4C21811D98004C30E2 /* LoginViewController.swift in Sources */,
				3D217C3A21811B21004C30E2 /* AppDelegate.swift in Sources */,
				64B339A72184F987001044F2 /* BrunchViewController.swift in Sources */,
				3D217C50218251B4004C30E2 /* SignUpViewController.swift in Sources */,
				D9861C1E2184097D00014C8F /* Business.swift in Sources */,
				D9861C1F2184097D00014C8F /* YelpClient.swift in Sources */,
				3D217C4E218250EA004C30E2 /* HomeViewController.swift in Sources */,
				D9BD70DD218A4B370028A1E4 /* Post.swift in Sources */,
			);
			runOnlyForDeploymentPostprocessing = 0;
		};
/* End PBXSourcesBuildPhase section */

/* Begin PBXVariantGroup section */
		3D217C3D21811B21004C30E2 /* Main.storyboard */ = {
			isa = PBXVariantGroup;
			children = (
				3D217C3E21811B21004C30E2 /* Base */,
			);
			name = Main.storyboard;
			sourceTree = "<group>";
		};
		3D217C4221811B24004C30E2 /* LaunchScreen.storyboard */ = {
			isa = PBXVariantGroup;
			children = (
				3D217C4321811B24004C30E2 /* Base */,
			);
			name = LaunchScreen.storyboard;
			sourceTree = "<group>";
		};
/* End PBXVariantGroup section */

/* Begin XCBuildConfiguration section */
		3D217C4621811B24004C30E2 /* Debug */ = {
			isa = XCBuildConfiguration;
			buildSettings = {
				ALWAYS_SEARCH_USER_PATHS = NO;
				CLANG_ANALYZER_NONNULL = YES;
				CLANG_ANALYZER_NUMBER_OBJECT_CONVERSION = YES_AGGRESSIVE;
				CLANG_CXX_LANGUAGE_STANDARD = "gnu++14";
				CLANG_CXX_LIBRARY = "libc++";
				CLANG_ENABLE_MODULES = YES;
				CLANG_ENABLE_OBJC_ARC = YES;
				CLANG_ENABLE_OBJC_WEAK = YES;
				CLANG_WARN_BLOCK_CAPTURE_AUTORELEASING = YES;
				CLANG_WARN_BOOL_CONVERSION = YES;
				CLANG_WARN_COMMA = YES;
				CLANG_WARN_CONSTANT_CONVERSION = YES;
				CLANG_WARN_DEPRECATED_OBJC_IMPLEMENTATIONS = YES;
				CLANG_WARN_DIRECT_OBJC_ISA_USAGE = YES_ERROR;
				CLANG_WARN_DOCUMENTATION_COMMENTS = YES;
				CLANG_WARN_EMPTY_BODY = YES;
				CLANG_WARN_ENUM_CONVERSION = YES;
				CLANG_WARN_INFINITE_RECURSION = YES;
				CLANG_WARN_INT_CONVERSION = YES;
				CLANG_WARN_NON_LITERAL_NULL_CONVERSION = YES;
				CLANG_WARN_OBJC_IMPLICIT_RETAIN_SELF = YES;
				CLANG_WARN_OBJC_LITERAL_CONVERSION = YES;
				CLANG_WARN_OBJC_ROOT_CLASS = YES_ERROR;
				CLANG_WARN_RANGE_LOOP_ANALYSIS = YES;
				CLANG_WARN_STRICT_PROTOTYPES = YES;
				CLANG_WARN_SUSPICIOUS_MOVE = YES;
				CLANG_WARN_UNGUARDED_AVAILABILITY = YES_AGGRESSIVE;
				CLANG_WARN_UNREACHABLE_CODE = YES;
				CLANG_WARN__DUPLICATE_METHOD_MATCH = YES;
				CODE_SIGN_IDENTITY = "iPhone Developer";
				COPY_PHASE_STRIP = NO;
				DEBUG_INFORMATION_FORMAT = dwarf;
				ENABLE_STRICT_OBJC_MSGSEND = YES;
				ENABLE_TESTABILITY = YES;
				GCC_C_LANGUAGE_STANDARD = gnu11;
				GCC_DYNAMIC_NO_PIC = NO;
				GCC_NO_COMMON_BLOCKS = YES;
				GCC_OPTIMIZATION_LEVEL = 0;
				GCC_PREPROCESSOR_DEFINITIONS = (
					"DEBUG=1",
					"$(inherited)",
				);
				GCC_WARN_64_TO_32_BIT_CONVERSION = YES;
				GCC_WARN_ABOUT_RETURN_TYPE = YES_ERROR;
				GCC_WARN_UNDECLARED_SELECTOR = YES;
				GCC_WARN_UNINITIALIZED_AUTOS = YES_AGGRESSIVE;
				GCC_WARN_UNUSED_FUNCTION = YES;
				GCC_WARN_UNUSED_VARIABLE = YES;
				IPHONEOS_DEPLOYMENT_TARGET = 11.4;
				MTL_ENABLE_DEBUG_INFO = YES;
				ONLY_ACTIVE_ARCH = YES;
				SDKROOT = iphoneos;
				SWIFT_ACTIVE_COMPILATION_CONDITIONS = DEBUG;
				SWIFT_OPTIMIZATION_LEVEL = "-Onone";
			};
			name = Debug;
		};
		3D217C4721811B24004C30E2 /* Release */ = {
			isa = XCBuildConfiguration;
			buildSettings = {
				ALWAYS_SEARCH_USER_PATHS = NO;
				CLANG_ANALYZER_NONNULL = YES;
				CLANG_ANALYZER_NUMBER_OBJECT_CONVERSION = YES_AGGRESSIVE;
				CLANG_CXX_LANGUAGE_STANDARD = "gnu++14";
				CLANG_CXX_LIBRARY = "libc++";
				CLANG_ENABLE_MODULES = YES;
				CLANG_ENABLE_OBJC_ARC = YES;
				CLANG_ENABLE_OBJC_WEAK = YES;
				CLANG_WARN_BLOCK_CAPTURE_AUTORELEASING = YES;
				CLANG_WARN_BOOL_CONVERSION = YES;
				CLANG_WARN_COMMA = YES;
				CLANG_WARN_CONSTANT_CONVERSION = YES;
				CLANG_WARN_DEPRECATED_OBJC_IMPLEMENTATIONS = YES;
				CLANG_WARN_DIRECT_OBJC_ISA_USAGE = YES_ERROR;
				CLANG_WARN_DOCUMENTATION_COMMENTS = YES;
				CLANG_WARN_EMPTY_BODY = YES;
				CLANG_WARN_ENUM_CONVERSION = YES;
				CLANG_WARN_INFINITE_RECURSION = YES;
				CLANG_WARN_INT_CONVERSION = YES;
				CLANG_WARN_NON_LITERAL_NULL_CONVERSION = YES;
				CLANG_WARN_OBJC_IMPLICIT_RETAIN_SELF = YES;
				CLANG_WARN_OBJC_LITERAL_CONVERSION = YES;
				CLANG_WARN_OBJC_ROOT_CLASS = YES_ERROR;
				CLANG_WARN_RANGE_LOOP_ANALYSIS = YES;
				CLANG_WARN_STRICT_PROTOTYPES = YES;
				CLANG_WARN_SUSPICIOUS_MOVE = YES;
				CLANG_WARN_UNGUARDED_AVAILABILITY = YES_AGGRESSIVE;
				CLANG_WARN_UNREACHABLE_CODE = YES;
				CLANG_WARN__DUPLICATE_METHOD_MATCH = YES;
				CODE_SIGN_IDENTITY = "iPhone Developer";
				COPY_PHASE_STRIP = NO;
				DEBUG_INFORMATION_FORMAT = "dwarf-with-dsym";
				ENABLE_NS_ASSERTIONS = NO;
				ENABLE_STRICT_OBJC_MSGSEND = YES;
				GCC_C_LANGUAGE_STANDARD = gnu11;
				GCC_NO_COMMON_BLOCKS = YES;
				GCC_WARN_64_TO_32_BIT_CONVERSION = YES;
				GCC_WARN_ABOUT_RETURN_TYPE = YES_ERROR;
				GCC_WARN_UNDECLARED_SELECTOR = YES;
				GCC_WARN_UNINITIALIZED_AUTOS = YES_AGGRESSIVE;
				GCC_WARN_UNUSED_FUNCTION = YES;
				GCC_WARN_UNUSED_VARIABLE = YES;
				IPHONEOS_DEPLOYMENT_TARGET = 11.4;
				MTL_ENABLE_DEBUG_INFO = NO;
				SDKROOT = iphoneos;
				SWIFT_COMPILATION_MODE = wholemodule;
				SWIFT_OPTIMIZATION_LEVEL = "-O";
				VALIDATE_PRODUCT = YES;
			};
			name = Release;
		};
		3D217C4921811B24004C30E2 /* Debug */ = {
			isa = XCBuildConfiguration;
			baseConfigurationReference = F82FE4AD48293150BD0B8668 /* Pods-anythingsfine.debug.xcconfig */;
			buildSettings = {
				ASSETCATALOG_COMPILER_APPICON_NAME = AppIcon;
				CODE_SIGN_STYLE = Automatic;
				DEVELOPMENT_TEAM = "";
				INFOPLIST_FILE = anythingsfine/Info.plist;
				LD_RUNPATH_SEARCH_PATHS = (
					"$(inherited)",
					"@executable_path/Frameworks",
				);
				PRODUCT_BUNDLE_IDENTIFIER = com.dennyho.anythingsfine;
				PRODUCT_NAME = "$(TARGET_NAME)";
				SWIFT_VERSION = 4.2;
				TARGETED_DEVICE_FAMILY = "1,2";
			};
			name = Debug;
		};
		3D217C4A21811B24004C30E2 /* Release */ = {
			isa = XCBuildConfiguration;
			baseConfigurationReference = 09A3A2201AB636C39419A8B3 /* Pods-anythingsfine.release.xcconfig */;
			buildSettings = {
				ASSETCATALOG_COMPILER_APPICON_NAME = AppIcon;
				CODE_SIGN_STYLE = Automatic;
				DEVELOPMENT_TEAM = "";
				INFOPLIST_FILE = anythingsfine/Info.plist;
				LD_RUNPATH_SEARCH_PATHS = (
					"$(inherited)",
					"@executable_path/Frameworks",
				);
				PRODUCT_BUNDLE_IDENTIFIER = com.dennyho.anythingsfine;
				PRODUCT_NAME = "$(TARGET_NAME)";
				SWIFT_VERSION = 4.2;
				TARGETED_DEVICE_FAMILY = "1,2";
			};
			name = Release;
		};
/* End XCBuildConfiguration section */

/* Begin XCConfigurationList section */
		3D217C3121811B21004C30E2 /* Build configuration list for PBXProject "anythingsfine" */ = {
			isa = XCConfigurationList;
			buildConfigurations = (
				3D217C4621811B24004C30E2 /* Debug */,
				3D217C4721811B24004C30E2 /* Release */,
			);
			defaultConfigurationIsVisible = 0;
			defaultConfigurationName = Release;
		};
		3D217C4821811B24004C30E2 /* Build configuration list for PBXNativeTarget "anythingsfine" */ = {
			isa = XCConfigurationList;
			buildConfigurations = (
				3D217C4921811B24004C30E2 /* Debug */,
				3D217C4A21811B24004C30E2 /* Release */,
			);
			defaultConfigurationIsVisible = 0;
			defaultConfigurationName = Release;
		};
/* End XCConfigurationList section */
	};
	rootObject = 3D217C2E21811B21004C30E2 /* Project object */;
}
